
Microsoft Visual Studio Solution File, Format Version 12.00
# Visual Studio Version 17
VisualStudioVersion = 17.8.34330.188
MinimumVisualStudioVersion = 10.0.40219.1
Project("{FAE04EC0-301F-11D3-BF4B-00C04F79EFBC}") = "ApproovHttpClient", "ApproovHttpClient.csproj", "{F6512251-5FF9-4239-999C-F108D2CF589E}"
EndProject
Global
	GlobalSection(SolutionConfigurationPlatforms) = preSolution
		Debug|Any CPU = Debug|Any CPU
		Release|Any CPU = Release|Any CPU
	EndGlobalSection
	GlobalSection(ProjectConfigurationPlatforms) = postSolution
		{F6512251-5FF9-4239-999C-F108D2CF589E}.Debug|Any CPU.ActiveCfg = Debug|Any CPU
		{F6512251-5FF9-4239-999C-F108D2CF589E}.Debug|Any CPU.Build.0 = Debug|Any CPU
		{F6512251-5FF9-4239-999C-F108D2CF589E}.Release|Any CPU.ActiveCfg = Release|Any CPU
		{F6512251-5FF9-4239-999C-F108D2CF589E}.Release|Any CPU.Build.0 = Release|Any CPU
	EndGlobalSection
	GlobalSection(SolutionProperties) = preSolution
		HideSolutionNode = FALSE
	EndGlobalSection
	GlobalSection(ExtensibilityGlobals) = postSolution
		SolutionGuid = {C149634F-6E16-4C58-AE16-B3CB8BEA9A3B}
	EndGlobalSection
EndGlobal
